
Microsoft Visual Studio Solution File, Format Version 12.00
# Visual Studio 15
VisualStudioVersion = 15.0.28307.329
MinimumVisualStudioVersion = 10.0.40219.1
Project("{FAE04EC0-301F-11D3-BF4B-00C04F79EFBC}") = "Cabinets", "Cabinets\Cabinets.csproj", "{1EE5C526-08C6-47F3-BF9C-3B9E68D9E8C5}"
EndProject
Global
	GlobalSection(SolutionConfigurationPlatforms) = preSolution
		Debug|Any CPU = Debug|Any CPU
		Release|Any CPU = Release|Any CPU
	EndGlobalSection
	GlobalSection(ProjectConfigurationPlatforms) = postSolution
		{1EE5C526-08C6-47F3-BF9C-3B9E68D9E8C5}.Debug|Any CPU.ActiveCfg = Debug|Any CPU
		{1EE5C526-08C6-47F3-BF9C-3B9E68D9E8C5}.Debug|Any CPU.Build.0 = Debug|Any CPU
		{1EE5C526-08C6-47F3-BF9C-3B9E68D9E8C5}.Release|Any CPU.ActiveCfg = Release|Any CPU
		{1EE5C526-08C6-47F3-BF9C-3B9E68D9E8C5}.Release|Any CPU.Build.0 = Release|Any CPU
	EndGlobalSection
	GlobalSection(SolutionProperties) = preSolution
		HideSolutionNode = FALSE
	EndGlobalSection
	GlobalSection(ExtensibilityGlobals) = postSolution
		SolutionGuid = {A13D3535-C326-4041-9777-41B0E832E3E7}
	EndGlobalSection
EndGlobal
